// !$*UTF8*$!
{
	archiveVersion = 1;
	classes = {
	};
	objectVersion = 56;
	objects = {

/* Begin PBXBuildFile section */
		3A48EC7A2E443E3F00253BE3 /* AppDelegate.swift in Sources */ = {isa = PBXBuildFile; fileRef = 3A48EC792E443E3F00253BE3 /* AppDelegate.swift */; };
		3A48EC7C2E443E3F00253BE3 /* SceneDelegate.swift in Sources */ = {isa = PBXBuildFile; fileRef = 3A48EC7B2E443E3F00253BE3 /* SceneDelegate.swift */; };
		3A48EC7E2E443E3F00253BE3 /* ViewController.swift in Sources */ = {isa = PBXBuildFile; fileRef = 3A48EC7D2E443E3F00253BE3 /* ViewController.swift */; };
		3A48EC832E443E4100253BE3 /* Assets.xcassets in Resources */ = {isa = PBXBuildFile; fileRef = 3A48EC822E443E4100253BE3 /* Assets.xcassets */; };
		3A48EC862E443E4100253BE3 /* Base in Resources */ = {isa = PBXBuildFile; fileRef = 3A48EC852E443E4100253BE3 /* Base */; };
		3A48EC912E443E4100253BE3 /* RealTimeOddsDisplayerTests.swift in Sources */ = {isa = PBXBuildFile; fileRef = 3A48EC902E443E4100253BE3 /* RealTimeOddsDisplayerTests.swift */; };
		3A48EC9B2E443E4100253BE3 /* RealTimeOddsDisplayerUITests.swift in Sources */ = {isa = PBXBuildFile; fileRef = 3A48EC9A2E443E4100253BE3 /* RealTimeOddsDisplayerUITests.swift */; };
		3A48EC9D2E443E4100253BE3 /* RealTimeOddsDisplayerUITestsLaunchTests.swift in Sources */ = {isa = PBXBuildFile; fileRef = 3A48EC9C2E443E4100253BE3 /* RealTimeOddsDisplayerUITestsLaunchTests.swift */; };
/* End PBXBuildFile section */

/* Begin PBXContainerItemProxy section */
		3A48EC8D2E443E4100253BE3 /* PBXContainerItemProxy */ = {
			isa = PBXContainerItemProxy;
			containerPortal = 3A48EC6E2E443E3F00253BE3 /* Project object */;
			proxyType = 1;
			remoteGlobalIDString = 3A48EC752E443E3F00253BE3;
			remoteInfo = RealTimeOddsDisplayer;
		};
		3A48EC972E443E4100253BE3 /* PBXContainerItemProxy */ = {
			isa = PBXContainerItemProxy;
			containerPortal = 3A48EC6E2E443E3F00253BE3 /* Project object */;
			proxyType = 1;
			remoteGlobalIDString = 3A48EC752E443E3F00253BE3;
			remoteInfo = RealTimeOddsDisplayer;
		};
/* End PBXContainerItemProxy section */

/* Begin PBXFileReference section */
		3A48EC762E443E3F00253BE3 /* RealTimeOddsDisplayer.app */ = {isa = PBXFileReference; explicitFileType = wrapper.application; includeInIndex = 0; path = RealTimeOddsDisplayer.app; sourceTree = BUILT_PRODUCTS_DIR; };
		3A48EC792E443E3F00253BE3 /* AppDelegate.swift */ = {isa = PBXFileReference; lastKnownFileType = sourcecode.swift; path = AppDelegate.swift; sourceTree = "<group>"; };
		3A48EC7B2E443E3F00253BE3 /* SceneDelegate.swift */ = {isa = PBXFileReference; lastKnownFileType = sourcecode.swift; path = SceneDelegate.swift; sourceTree = "<group>"; };
		3A48EC7D2E443E3F00253BE3 /* ViewController.swift */ = {isa = PBXFileReference; lastKnownFileType = sourcecode.swift; path = ViewController.swift; sourceTree = "<group>"; };
		3A48EC822E443E4100253BE3 /* Assets.xcassets */ = {isa = PBXFileReference; lastKnownFileType = folder.assetcatalog; path = Assets.xcassets; sourceTree = "<group>"; };
		3A48EC852E443E4100253BE3 /* Base */ = {isa = PBXFileReference; lastKnownFileType = file.storyboard; name = Base; path = Base.lproj/LaunchScreen.storyboard; sourceTree = "<group>"; };
		3A48EC872E443E4100253BE3 /* Info.plist */ = {isa = PBXFileReference; lastKnownFileType = text.plist.xml; path = Info.plist; sourceTree = "<group>"; };
		3A48EC8C2E443E4100253BE3 /* RealTimeOddsDisplayerTests.xctest */ = {isa = PBXFileReference; explicitFileType = wrapper.cfbundle; includeInIndex = 0; path = RealTimeOddsDisplayerTests.xctest; sourceTree = BUILT_PRODUCTS_DIR; };
		3A48EC902E443E4100253BE3 /* RealTimeOddsDisplayerTests.swift */ = {isa = PBXFileReference; lastKnownFileType = sourcecode.swift; path = RealTimeOddsDisplayerTests.swift; sourceTree = "<group>"; };
		3A48EC962E443E4100253BE3 /* RealTimeOddsDisplayerUITests.xctest */ = {isa = PBXFileReference; explicitFileType = wrapper.cfbundle; includeInIndex = 0; path = RealTimeOddsDisplayerUITests.xctest; sourceTree = BUILT_PRODUCTS_DIR; };
		3A48EC9A2E443E4100253BE3 /* RealTimeOddsDisplayerUITests.swift */ = {isa = PBXFileReference; lastKnownFileType = sourcecode.swift; path = RealTimeOddsDisplayerUITests.swift; sourceTree = "<group>"; };
		3A48EC9C2E443E4100253BE3 /* RealTimeOddsDisplayerUITestsLaunchTests.swift */ = {isa = PBXFileReference; lastKnownFileType = sourcecode.swift; path = RealTimeOddsDisplayerUITestsLaunchTests.swift; sourceTree = "<group>"; };
/* End PBXFileReference section */

/* Begin PBXFrameworksBuildPhase section */
		3A48EC732E443E3F00253BE3 /* Frameworks */ = {
			isa = PBXFrameworksBuildPhase;
			buildActionMask = 2147483647;
			files = (
			);
			runOnlyForDeploymentPostprocessing = 0;
		};
		3A48EC892E443E4100253BE3 /* Frameworks */ = {
			isa = PBXFrameworksBuildPhase;
			buildActionMask = 2147483647;
			files = (
			);
			runOnlyForDeploymentPostprocessing = 0;
		};
		3A48EC932E443E4100253BE3 /* Frameworks */ = {
			isa = PBXFrameworksBuildPhase;
			buildActionMask = 2147483647;
			files = (
			);
			runOnlyForDeploymentPostprocessing = 0;
		};
/* End PBXFrameworksBuildPhase section */

/* Begin PBXGroup section */
		3A48EC6D2E443E3F00253BE3 = {
			isa = PBXGroup;
			children = (
				3A48EC782E443E3F00253BE3 /* RealTimeOddsDisplayer */,
				3A48EC8F2E443E4100253BE3 /* RealTimeOddsDisplayerTests */,
				3A48EC992E443E4100253BE3 /* RealTimeOddsDisplayerUITests */,
				3A48EC772E443E3F00253BE3 /* Products */,
			);
			sourceTree = "<group>";
		};
		3A48EC772E443E3F00253BE3 /* Products */ = {
			isa = PBXGroup;
			children = (
				3A48EC762E443E3F00253BE3 /* RealTimeOddsDisplayer.app */,
				3A48EC8C2E443E4100253BE3 /* RealTimeOddsDisplayerTests.xctest */,
				3A48EC962E443E4100253BE3 /* RealTimeOddsDisplayerUITests.xctest */,
			);
			name = Products;
			sourceTree = "<group>";
		};
		3A48EC782E443E3F00253BE3 /* RealTimeOddsDisplayer */ = {
			isa = PBXGroup;
			children = (
				3A48ECAC2E4447BA00253BE3 /* LocalCache */,
				3A48ECAB2E4447AB00253BE3 /* NetworkModule */,
				3A48ECAA2E4447A100253BE3 /* DataLayer */,
				3A48ECA92E44479700253BE3 /* DomainLayer */,
				3A48ECAF2E4447D100253BE3 /* PresenterLayer */,
				3A48EC792E443E3F00253BE3 /* AppDelegate.swift */,
				3A48EC7B2E443E3F00253BE3 /* SceneDelegate.swift */,
				3A48EC822E443E4100253BE3 /* Assets.xcassets */,
				3A48EC842E443E4100253BE3 /* LaunchScreen.storyboard */,
				3A48EC872E443E4100253BE3 /* Info.plist */,
			);
			path = RealTimeOddsDisplayer;
			sourceTree = "<group>";
		};
		3A48EC8F2E443E4100253BE3 /* RealTimeOddsDisplayerTests */ = {
			isa = PBXGroup;
			children = (
				3A48EC902E443E4100253BE3 /* RealTimeOddsDisplayerTests.swift */,
			);
			path = RealTimeOddsDisplayerTests;
			sourceTree = "<group>";
		};
		3A48EC992E443E4100253BE3 /* RealTimeOddsDisplayerUITests */ = {
			isa = PBXGroup;
			children = (
				3A48EC9A2E443E4100253BE3 /* RealTimeOddsDisplayerUITests.swift */,
				3A48EC9C2E443E4100253BE3 /* RealTimeOddsDisplayerUITestsLaunchTests.swift */,
			);
			path = RealTimeOddsDisplayerUITests;
			sourceTree = "<group>";
		};
		3A48ECA92E44479700253BE3 /* DomainLayer */ = {
			isa = PBXGroup;
			children = (
				3A48ECB12E44480800253BE3 /* DomainModels */,
			);
			path = DomainLayer;
			sourceTree = "<group>";
		};
		3A48ECAA2E4447A100253BE3 /* DataLayer */ = {
			isa = PBXGroup;
			children = (
				3A48ECB02E4447FD00253BE3 /* DTOs */,
			);
			path = DataLayer;
			sourceTree = "<group>";
		};
		3A48ECAB2E4447AB00253BE3 /* NetworkModule */ = {
			isa = PBXGroup;
			children = (
			);
			path = NetworkModule;
			sourceTree = "<group>";
		};
		3A48ECAC2E4447BA00253BE3 /* LocalCache */ = {
			isa = PBXGroup;
			children = (
			);
			path = LocalCache;
			sourceTree = "<group>";
		};
		3A48ECAF2E4447D100253BE3 /* PresenterLayer */ = {
			isa = PBXGroup;
			children = (
				3A48EC7D2E443E3F00253BE3 /* ViewController.swift */,
			);
			path = PresenterLayer;
			sourceTree = "<group>";
		};
		3A48ECB02E4447FD00253BE3 /* DTOs */ = {
			isa = PBXGroup;
			children = (
			);
			path = DTOs;
			sourceTree = "<group>";
		};
		3A48ECB12E44480800253BE3 /* DomainModels */ = {
			isa = PBXGroup;
			children = (
			);
			path = DomainModels;
			sourceTree = "<group>";
		};
/* End PBXGroup section */

/* Begin PBXNativeTarget section */
		3A48EC752E443E3F00253BE3 /* RealTimeOddsDisplayer */ = {
			isa = PBXNativeTarget;
			buildConfigurationList = 3A48ECA02E443E4100253BE3 /* Build configuration list for PBXNativeTarget "RealTimeOddsDisplayer" */;
			buildPhases = (
				3A48EC722E443E3F00253BE3 /* Sources */,
				3A48EC732E443E3F00253BE3 /* Frameworks */,
				3A48EC742E443E3F00253BE3 /* Resources */,
			);
			buildRules = (
			);
			dependencies = (
			);
			name = RealTimeOddsDisplayer;
			productName = RealTimeOddsDisplayer;
			productReference = 3A48EC762E443E3F00253BE3 /* RealTimeOddsDisplayer.app */;
			productType = "com.apple.product-type.application";
		};
		3A48EC8B2E443E4100253BE3 /* RealTimeOddsDisplayerTests */ = {
			isa = PBXNativeTarget;
			buildConfigurationList = 3A48ECA32E443E4100253BE3 /* Build configuration list for PBXNativeTarget "RealTimeOddsDisplayerTests" */;
			buildPhases = (
				3A48EC882E443E4100253BE3 /* Sources */,
				3A48EC892E443E4100253BE3 /* Frameworks */,
				3A48EC8A2E443E4100253BE3 /* Resources */,
			);
			buildRules = (
			);
			dependencies = (
				3A48EC8E2E443E4100253BE3 /* PBXTargetDependency */,
			);
			name = RealTimeOddsDisplayerTests;
			productName = RealTimeOddsDisplayerTests;
			productReference = 3A48EC8C2E443E4100253BE3 /* RealTimeOddsDisplayerTests.xctest */;
			productType = "com.apple.product-type.bundle.unit-test";
		};
		3A48EC952E443E4100253BE3 /* RealTimeOddsDisplayerUITests */ = {
			isa = PBXNativeTarget;
			buildConfigurationList = 3A48ECA62E443E4100253BE3 /* Build configuration list for PBXNativeTarget "RealTimeOddsDisplayerUITests" */;
			buildPhases = (
				3A48EC922E443E4100253BE3 /* Sources */,
				3A48EC932E443E4100253BE3 /* Frameworks */,
				3A48EC942E443E4100253BE3 /* Resources */,
			);
			buildRules = (
			);
			dependencies = (
				3A48EC982E443E4100253BE3 /* PBXTargetDependency */,
			);
			name = RealTimeOddsDisplayerUITests;
			productName = RealTimeOddsDisplayerUITests;
			productReference = 3A48EC962E443E4100253BE3 /* RealTimeOddsDisplayerUITests.xctest */;
			productType = "com.apple.product-type.bundle.ui-testing";
		};
/* End PBXNativeTarget section */

/* Begin PBXProject section */
		3A48EC6E2E443E3F00253BE3 /* Project object */ = {
			isa = PBXProject;
			attributes = {
				BuildIndependentTargetsInParallel = 1;
				LastSwiftUpdateCheck = 1540;
				LastUpgradeCheck = 1540;
				TargetAttributes = {
					3A48EC752E443E3F00253BE3 = {
						CreatedOnToolsVersion = 15.4;
					};
					3A48EC8B2E443E4100253BE3 = {
						CreatedOnToolsVersion = 15.4;
						TestTargetID = 3A48EC752E443E3F00253BE3;
					};
					3A48EC952E443E4100253BE3 = {
						CreatedOnToolsVersion = 15.4;
						TestTargetID = 3A48EC752E443E3F00253BE3;
					};
				};
			};
			buildConfigurationList = 3A48EC712E443E3F00253BE3 /* Build configuration list for PBXProject "RealTimeOddsDisplayer" */;
			compatibilityVersion = "Xcode 14.0";
			developmentRegion = en;
			hasScannedForEncodings = 0;
			knownRegions = (
				en,
				Base,
			);
			mainGroup = 3A48EC6D2E443E3F00253BE3;
			productRefGroup = 3A48EC772E443E3F00253BE3 /* Products */;
			projectDirPath = "";
			projectRoot = "";
			targets = (
				3A48EC752E443E3F00253BE3 /* RealTimeOddsDisplayer */,
				3A48EC8B2E443E4100253BE3 /* RealTimeOddsDisplayerTests */,
				3A48EC952E443E4100253BE3 /* RealTimeOddsDisplayerUITests */,
			);
		};
/* End PBXProject section */

/* Begin PBXResourcesBuildPhase section */
		3A48EC742E443E3F00253BE3 /* Resources */ = {
			isa = PBXResourcesBuildPhase;
			buildActionMask = 2147483647;
			files = (
				3A48EC832E443E4100253BE3 /* Assets.xcassets in Resources */,
				3A48EC862E443E4100253BE3 /* Base in Resources */,
			);
			runOnlyForDeploymentPostprocessing = 0;
		};
		3A48EC8A2E443E4100253BE3 /* Resources */ = {
			isa = PBXResourcesBuildPhase;
			buildActionMask = 2147483647;
			files = (
			);
			runOnlyForDeploymentPostprocessing = 0;
		};
		3A48EC942E443E4100253BE3 /* Resources */ = {
			isa = PBXResourcesBuildPhase;
			buildActionMask = 2147483647;
			files = (
			);
			runOnlyForDeploymentPostprocessing = 0;
		};
/* End PBXResourcesBuildPhase section */

/* Begin PBXSourcesBuildPhase section */
		3A48EC722E443E3F00253BE3 /* Sources */ = {
			isa = PBXSourcesBuildPhase;
			buildActionMask = 2147483647;
			files = (
				3A48EC7E2E443E3F00253BE3 /* ViewController.swift in Sources */,
				3A48EC7A2E443E3F00253BE3 /* AppDelegate.swift in Sources */,
				3A48EC7C2E443E3F00253BE3 /* SceneDelegate.swift in Sources */,
			);
			runOnlyForDeploymentPostprocessing = 0;
		};
		3A48EC882E443E4100253BE3 /* Sources */ = {
			isa = PBXSourcesBuildPhase;
			buildActionMask = 2147483647;
			files = (
				3A48EC912E443E4100253BE3 /* RealTimeOddsDisplayerTests.swift in Sources */,
			);
			runOnlyForDeploymentPostprocessing = 0;
		};
		3A48EC922E443E4100253BE3 /* Sources */ = {
			isa = PBXSourcesBuildPhase;
			buildActionMask = 2147483647;
			files = (
				3A48EC9B2E443E4100253BE3 /* RealTimeOddsDisplayerUITests.swift in Sources */,
				3A48EC9D2E443E4100253BE3 /* RealTimeOddsDisplayerUITestsLaunchTests.swift in Sources */,
			);
			runOnlyForDeploymentPostprocessing = 0;
		};
/* End PBXSourcesBuildPhase section */

/* Begin PBXTargetDependency section */
		3A48EC8E2E443E4100253BE3 /* PBXTargetDependency */ = {
			isa = PBXTargetDependency;
			target = 3A48EC752E443E3F00253BE3 /* RealTimeOddsDisplayer */;
			targetProxy = 3A48EC8D2E443E4100253BE3 /* PBXContainerItemProxy */;
		};
		3A48EC982E443E4100253BE3 /* PBXTargetDependency */ = {
			isa = PBXTargetDependency;
			target = 3A48EC752E443E3F00253BE3 /* RealTimeOddsDisplayer */;
			targetProxy = 3A48EC972E443E4100253BE3 /* PBXContainerItemProxy */;
		};
/* End PBXTargetDependency section */

/* Begin PBXVariantGroup section */
		3A48EC842E443E4100253BE3 /* LaunchScreen.storyboard */ = {
			isa = PBXVariantGroup;
			children = (
				3A48EC852E443E4100253BE3 /* Base */,
			);
			name = LaunchScreen.storyboard;
			sourceTree = "<group>";
		};
/* End PBXVariantGroup section */

/* Begin XCBuildConfiguration section */
		3A48EC9E2E443E4100253BE3 /* Debug */ = {
			isa = XCBuildConfiguration;
			buildSettings = {
				ALWAYS_SEARCH_USER_PATHS = NO;
				ASSETCATALOG_COMPILER_GENERATE_SWIFT_ASSET_SYMBOL_EXTENSIONS = YES;
				CLANG_ANALYZER_NONNULL = YES;
				CLANG_ANALYZER_NUMBER_OBJECT_CONVERSION = YES_AGGRESSIVE;
				CLANG_CXX_LANGUAGE_STANDARD = "gnu++20";
				CLANG_ENABLE_MODULES = YES;
				CLANG_ENABLE_OBJC_ARC = YES;
				CLANG_ENABLE_OBJC_WEAK = YES;
				CLANG_WARN_BLOCK_CAPTURE_AUTORELEASING = YES;
				CLANG_WARN_BOOL_CONVERSION = YES;
				CLANG_WARN_COMMA = YES;
				CLANG_WARN_CONSTANT_CONVERSION = YES;
				CLANG_WARN_DEPRECATED_OBJC_IMPLEMENTATIONS = YES;
				CLANG_WARN_DIRECT_OBJC_ISA_USAGE = YES_ERROR;
				CLANG_WARN_DOCUMENTATION_COMMENTS = YES;
				CLANG_WARN_EMPTY_BODY = YES;
				CLANG_WARN_ENUM_CONVERSION = YES;
				CLANG_WARN_INFINITE_RECURSION = YES;
				CLANG_WARN_INT_CONVERSION = YES;
				CLANG_WARN_NON_LITERAL_NULL_CONVERSION = YES;
				CLANG_WARN_OBJC_IMPLICIT_RETAIN_SELF = YES;
				CLANG_WARN_OBJC_LITERAL_CONVERSION = YES;
				CLANG_WARN_OBJC_ROOT_CLASS = YES_ERROR;
				CLANG_WARN_QUOTED_INCLUDE_IN_FRAMEWORK_HEADER = YES;
				CLANG_WARN_RANGE_LOOP_ANALYSIS = YES;
				CLANG_WARN_STRICT_PROTOTYPES = YES;
				CLANG_WARN_SUSPICIOUS_MOVE = YES;
				CLANG_WARN_UNGUARDED_AVAILABILITY = YES_AGGRESSIVE;
				CLANG_WARN_UNREACHABLE_CODE = YES;
				CLANG_WARN__DUPLICATE_METHOD_MATCH = YES;
				COPY_PHASE_STRIP = NO;
				DEBUG_INFORMATION_FORMAT = dwarf;
				ENABLE_STRICT_OBJC_MSGSEND = YES;
				ENABLE_TESTABILITY = YES;
				ENABLE_USER_SCRIPT_SANDBOXING = YES;
				GCC_C_LANGUAGE_STANDARD = gnu17;
				GCC_DYNAMIC_NO_PIC = NO;
				GCC_NO_COMMON_BLOCKS = YES;
				GCC_OPTIMIZATION_LEVEL = 0;
				GCC_PREPROCESSOR_DEFINITIONS = (
					"DEBUG=1",
					"$(inherited)",
				);
				GCC_WARN_64_TO_32_BIT_CONVERSION = YES;
				GCC_WARN_ABOUT_RETURN_TYPE = YES_ERROR;
				GCC_WARN_UNDECLARED_SELECTOR = YES;
				GCC_WARN_UNINITIALIZED_AUTOS = YES_AGGRESSIVE;
				GCC_WARN_UNUSED_FUNCTION = YES;
				GCC_WARN_UNUSED_VARIABLE = YES;
				IPHONEOS_DEPLOYMENT_TARGET = 17.5;
				LOCALIZATION_PREFERS_STRING_CATALOGS = YES;
				MTL_ENABLE_DEBUG_INFO = INCLUDE_SOURCE;
				MTL_FAST_MATH = YES;
				ONLY_ACTIVE_ARCH = YES;
				SDKROOT = iphoneos;
				SWIFT_ACTIVE_COMPILATION_CONDITIONS = "DEBUG $(inherited)";
				SWIFT_OPTIMIZATION_LEVEL = "-Onone";
			};
			name = Debug;
		};
		3A48EC9F2E443E4100253BE3 /* Release */ = {
			isa = XCBuildConfiguration;
			buildSettings = {
				ALWAYS_SEARCH_USER_PATHS = NO;
				ASSETCATALOG_COMPILER_GENERATE_SWIFT_ASSET_SYMBOL_EXTENSIONS = YES;
				CLANG_ANALYZER_NONNULL = YES;
				CLANG_ANALYZER_NUMBER_OBJECT_CONVERSION = YES_AGGRESSIVE;
				CLANG_CXX_LANGUAGE_STANDARD = "gnu++20";
				CLANG_ENABLE_MODULES = YES;
				CLANG_ENABLE_OBJC_ARC = YES;
				CLANG_ENABLE_OBJC_WEAK = YES;
				CLANG_WARN_BLOCK_CAPTURE_AUTORELEASING = YES;
				CLANG_WARN_BOOL_CONVERSION = YES;
				CLANG_WARN_COMMA = YES;
				CLANG_WARN_CONSTANT_CONVERSION = YES;
				CLANG_WARN_DEPRECATED_OBJC_IMPLEMENTATIONS = YES;
				CLANG_WARN_DIRECT_OBJC_ISA_USAGE = YES_ERROR;
				CLANG_WARN_DOCUMENTATION_COMMENTS = YES;
				CLANG_WARN_EMPTY_BODY = YES;
				CLANG_WARN_ENUM_CONVERSION = YES;
				CLANG_WARN_INFINITE_RECURSION = YES;
				CLANG_WARN_INT_CONVERSION = YES;
				CLANG_WARN_NON_LITERAL_NULL_CONVERSION = YES;
				CLANG_WARN_OBJC_IMPLICIT_RETAIN_SELF = YES;
				CLANG_WARN_OBJC_LITERAL_CONVERSION = YES;
				CLANG_WARN_OBJC_ROOT_CLASS = YES_ERROR;
				CLANG_WARN_QUOTED_INCLUDE_IN_FRAMEWORK_HEADER = YES;
				CLANG_WARN_RANGE_LOOP_ANALYSIS = YES;
				CLANG_WARN_STRICT_PROTOTYPES = YES;
				CLANG_WARN_SUSPICIOUS_MOVE = YES;
				CLANG_WARN_UNGUARDED_AVAILABILITY = YES_AGGRESSIVE;
				CLANG_WARN_UNREACHABLE_CODE = YES;
				CLANG_WARN__DUPLICATE_METHOD_MATCH = YES;
				COPY_PHASE_STRIP = NO;
				DEBUG_INFORMATION_FORMAT = "dwarf-with-dsym";
				ENABLE_NS_ASSERTIONS = NO;
				ENABLE_STRICT_OBJC_MSGSEND = YES;
				ENABLE_USER_SCRIPT_SANDBOXING = YES;
				GCC_C_LANGUAGE_STANDARD = gnu17;
				GCC_NO_COMMON_BLOCKS = YES;
				GCC_WARN_64_TO_32_BIT_CONVERSION = YES;
				GCC_WARN_ABOUT_RETURN_TYPE = YES_ERROR;
				GCC_WARN_UNDECLARED_SELECTOR = YES;
				GCC_WARN_UNINITIALIZED_AUTOS = YES_AGGRESSIVE;
				GCC_WARN_UNUSED_FUNCTION = YES;
				GCC_WARN_UNUSED_VARIABLE = YES;
				IPHONEOS_DEPLOYMENT_TARGET = 17.5;
				LOCALIZATION_PREFERS_STRING_CATALOGS = YES;
				MTL_ENABLE_DEBUG_INFO = NO;
				MTL_FAST_MATH = YES;
				SDKROOT = iphoneos;
				SWIFT_COMPILATION_MODE = wholemodule;
				VALIDATE_PRODUCT = YES;
			};
			name = Release;
		};
		3A48ECA12E443E4100253BE3 /* Debug */ = {
			isa = XCBuildConfiguration;
			buildSettings = {
				ASSETCATALOG_COMPILER_APPICON_NAME = AppIcon;
				ASSETCATALOG_COMPILER_GLOBAL_ACCENT_COLOR_NAME = AccentColor;
				CODE_SIGN_STYLE = Automatic;
				CURRENT_PROJECT_VERSION = 1;
				DEVELOPMENT_TEAM = Q6384N92WN;
				GENERATE_INFOPLIST_FILE = YES;
				INFOPLIST_FILE = RealTimeOddsDisplayer/Info.plist;
				INFOPLIST_KEY_UIApplicationSupportsIndirectInputEvents = YES;
				INFOPLIST_KEY_UILaunchStoryboardName = LaunchScreen;
				INFOPLIST_KEY_UISupportedInterfaceOrientations_iPad = "UIInterfaceOrientationPortrait UIInterfaceOrientationPortraitUpsideDown UIInterfaceOrientationLandscapeLeft UIInterfaceOrientationLandscapeRight";
				INFOPLIST_KEY_UISupportedInterfaceOrientations_iPhone = "UIInterfaceOrientationPortrait UIInterfaceOrientationLandscapeLeft UIInterfaceOrientationLandscapeRight";
				LD_RUNPATH_SEARCH_PATHS = (
					"$(inherited)",
					"@executable_path/Frameworks",
				);
				MARKETING_VERSION = 1.0;
				PRODUCT_BUNDLE_IDENTIFIER = chaoming.studio.RealTimeOddsDisplayer;
				PRODUCT_NAME = "$(TARGET_NAME)";
				SWIFT_EMIT_LOC_STRINGS = YES;
				SWIFT_VERSION = 5.0;
				TARGETED_DEVICE_FAMILY = "1,2";
			};
			name = Debug;
		};
		3A48ECA22E443E4100253BE3 /* Release */ = {
			isa = XCBuildConfiguration;
			buildSettings = {
				ASSETCATALOG_COMPILER_APPICON_NAME = AppIcon;
				ASSETCATALOG_COMPILER_GLOBAL_ACCENT_COLOR_NAME = AccentColor;
				CODE_SIGN_STYLE = Automatic;
				CURRENT_PROJECT_VERSION = 1;
				DEVELOPMENT_TEAM = Q6384N92WN;
				GENERATE_INFOPLIST_FILE = YES;
				INFOPLIST_FILE = RealTimeOddsDisplayer/Info.plist;
				INFOPLIST_KEY_UIApplicationSupportsIndirectInputEvents = YES;
				INFOPLIST_KEY_UILaunchStoryboardName = LaunchScreen;
				INFOPLIST_KEY_UISupportedInterfaceOrientations_iPad = "UIInterfaceOrientationPortrait UIInterfaceOrientationPortraitUpsideDown UIInterfaceOrientationLandscapeLeft UIInterfaceOrientationLandscapeRight";
				INFOPLIST_KEY_UISupportedInterfaceOrientations_iPhone = "UIInterfaceOrientationPortrait UIInterfaceOrientationLandscapeLeft UIInterfaceOrientationLandscapeRight";
				LD_RUNPATH_SEARCH_PATHS = (
					"$(inherited)",
					"@executable_path/Frameworks",
				);
				MARKETING_VERSION = 1.0;
				PRODUCT_BUNDLE_IDENTIFIER = chaoming.studio.RealTimeOddsDisplayer;
				PRODUCT_NAME = "$(TARGET_NAME)";
				SWIFT_EMIT_LOC_STRINGS = YES;
				SWIFT_VERSION = 5.0;
				TARGETED_DEVICE_FAMILY = "1,2";
			};
			name = Release;
		};
		3A48ECA42E443E4100253BE3 /* Debug */ = {
			isa = XCBuildConfiguration;
			buildSettings = {
				ALWAYS_EMBED_SWIFT_STANDARD_LIBRARIES = YES;
				BUNDLE_LOADER = "$(TEST_HOST)";
				CODE_SIGN_STYLE = Automatic;
				CURRENT_PROJECT_VERSION = 1;
				DEVELOPMENT_TEAM = Q6384N92WN;
				GENERATE_INFOPLIST_FILE = YES;
				IPHONEOS_DEPLOYMENT_TARGET = 17.5;
				MARKETING_VERSION = 1.0;
				PRODUCT_BUNDLE_IDENTIFIER = chaoming.studio.RealTimeOddsDisplayerTests;
				PRODUCT_NAME = "$(TARGET_NAME)";
				SWIFT_EMIT_LOC_STRINGS = NO;
				SWIFT_VERSION = 5.0;
				TARGETED_DEVICE_FAMILY = "1,2";
				TEST_HOST = "$(BUILT_PRODUCTS_DIR)/RealTimeOddsDisplayer.app/$(BUNDLE_EXECUTABLE_FOLDER_PATH)/RealTimeOddsDisplayer";
			};
			name = Debug;
		};
		3A48ECA52E443E4100253BE3 /* Release */ = {
			isa = XCBuildConfiguration;
			buildSettings = {
				ALWAYS_EMBED_SWIFT_STANDARD_LIBRARIES = YES;
				BUNDLE_LOADER = "$(TEST_HOST)";
				CODE_SIGN_STYLE = Automatic;
				CURRENT_PROJECT_VERSION = 1;
				DEVELOPMENT_TEAM = Q6384N92WN;
				GENERATE_INFOPLIST_FILE = YES;
				IPHONEOS_DEPLOYMENT_TARGET = 17.5;
				MARKETING_VERSION = 1.0;
				PRODUCT_BUNDLE_IDENTIFIER = chaoming.studio.RealTimeOddsDisplayerTests;
				PRODUCT_NAME = "$(TARGET_NAME)";
				SWIFT_EMIT_LOC_STRINGS = NO;
				SWIFT_VERSION = 5.0;
				TARGETED_DEVICE_FAMILY = "1,2";
				TEST_HOST = "$(BUILT_PRODUCTS_DIR)/RealTimeOddsDisplayer.app/$(BUNDLE_EXECUTABLE_FOLDER_PATH)/RealTimeOddsDisplayer";
			};
			name = Release;
		};
		3A48ECA72E443E4100253BE3 /* Debug */ = {
			isa = XCBuildConfiguration;
			buildSettings = {
				ALWAYS_EMBED_SWIFT_STANDARD_LIBRARIES = YES;
				CODE_SIGN_STYLE = Automatic;
				CURRENT_PROJECT_VERSION = 1;
				DEVELOPMENT_TEAM = Q6384N92WN;
				GENERATE_INFOPLIST_FILE = YES;
				MARKETING_VERSION = 1.0;
				PRODUCT_BUNDLE_IDENTIFIER = chaoming.studio.RealTimeOddsDisplayerUITests;
				PRODUCT_NAME = "$(TARGET_NAME)";
				SWIFT_EMIT_LOC_STRINGS = NO;
				SWIFT_VERSION = 5.0;
				TARGETED_DEVICE_FAMILY = "1,2";
				TEST_TARGET_NAME = RealTimeOddsDisplayer;
			};
			name = Debug;
		};
		3A48ECA82E443E4100253BE3 /* Release */ = {
			isa = XCBuildConfiguration;
			buildSettings = {
				ALWAYS_EMBED_SWIFT_STANDARD_LIBRARIES = YES;
				CODE_SIGN_STYLE = Automatic;
				CURRENT_PROJECT_VERSION = 1;
				DEVELOPMENT_TEAM = Q6384N92WN;
				GENERATE_INFOPLIST_FILE = YES;
				MARKETING_VERSION = 1.0;
				PRODUCT_BUNDLE_IDENTIFIER = chaoming.studio.RealTimeOddsDisplayerUITests;
				PRODUCT_NAME = "$(TARGET_NAME)";
				SWIFT_EMIT_LOC_STRINGS = NO;
				SWIFT_VERSION = 5.0;
				TARGETED_DEVICE_FAMILY = "1,2";
				TEST_TARGET_NAME = RealTimeOddsDisplayer;
			};
			name = Release;
		};
/* End XCBuildConfiguration section */

/* Begin XCConfigurationList section */
		3A48EC712E443E3F00253BE3 /* Build configuration list for PBXProject "RealTimeOddsDisplayer" */ = {
			isa = XCConfigurationList;
			buildConfigurations = (
				3A48EC9E2E443E4100253BE3 /* Debug */,
				3A48EC9F2E443E4100253BE3 /* Release */,
			);
			defaultConfigurationIsVisible = 0;
			defaultConfigurationName = Release;
		};
		3A48ECA02E443E4100253BE3 /* Build configuration list for PBXNativeTarget "RealTimeOddsDisplayer" */ = {
			isa = XCConfigurationList;
			buildConfigurations = (
				3A48ECA12E443E4100253BE3 /* Debug */,
				3A48ECA22E443E4100253BE3 /* Release */,
			);
			defaultConfigurationIsVisible = 0;
			defaultConfigurationName = Release;
		};
		3A48ECA32E443E4100253BE3 /* Build configuration list for PBXNativeTarget "RealTimeOddsDisplayerTests" */ = {
			isa = XCConfigurationList;
			buildConfigurations = (
				3A48ECA42E443E4100253BE3 /* Debug */,
				3A48ECA52E443E4100253BE3 /* Release */,
			);
			defaultConfigurationIsVisible = 0;
			defaultConfigurationName = Release;
		};
		3A48ECA62E443E4100253BE3 /* Build configuration list for PBXNativeTarget "RealTimeOddsDisplayerUITests" */ = {
			isa = XCConfigurationList;
			buildConfigurations = (
				3A48ECA72E443E4100253BE3 /* Debug */,
				3A48ECA82E443E4100253BE3 /* Release */,
			);
			defaultConfigurationIsVisible = 0;
			defaultConfigurationName = Release;
		};
/* End XCConfigurationList section */
	};
	rootObject = 3A48EC6E2E443E3F00253BE3 /* Project object */;
}
